{
    "_meta": {
        "hash": {
            "sha256": "7fb937ea553fc83ee2394ee260a00e90215e0c3af04c3416d9595602acf99546"
        },
        "pipfile-spec": 6,
        "requires": {
            "python_version": "3.11"
        },
        "sources": [
            {
                "name": "pypi",
                "url": "https://pypi.org/simple",
                "verify_ssl": true
            }
        ]
    },
    "default": {
        "boto3": {
            "hashes": [
                "sha256:42942dde254673abcbc9e6e60017c88341a4f49d99d24e1f2e290fb38138c26f",
                "sha256:587d7ee92a12e440ad12b0e7f11f3358f0c4d65b19f64726efc94aaf194aff28"
            ],
            "index": "pypi",
            "markers": "python_version >= '3.10'",
            "version": "==1.43.36"
        },
        "botocore": {
            "hashes": [
                "sha256:3c65fdc39ed01d8dfde1e961b34038aed03c459f8ddf80717a12ac006475e49d",
                "sha256:4cae47d1b2d426316b85a0087d9e69e048f13bc003b5177d74639fe9dfd28205"
            ],
            "markers": "python_version >= '3.10'",
            "version": "==1.43.36"
        },
        "coverage": {
            "extras": [
                "toml"
            ],
            "hashes": [
                "sha256:0177614a0370f227888b4e436a7c55686d6a9f90eb1ade2b624ba685a1686e86",
                "sha256:01b7733daad0237daa01ef80fe2dfceffc911e6a17fa7b55d14aa8214eaaaecd",
                "sha256:03a6f93c1ec3b7f2e77b5dbcc5573a2c21f12529a5c6bbe0f16f72303cc2fa4d",
                "sha256:042c46ded7c288aeb07cf14a28b6c1e10b78fcba40171c3fa1e939377eeef0b5",
                "sha256:06144cd511cf2624873a035c5069cf297144f6e77a73ee3d7a55b605ec5efb42",
                "sha256:07c6290b1697b862c0478eab545eec949a0d0e4d6d03497f446d706da3b4f2de",
                "sha256:10274a1fbeb8ec5d72966e17bb198a3104257aca4ac09d98667c5f8aca8c8548",
                "sha256:1101a5ebb083aecb625ebb6209d4105b58f647b093cb2dc8122d7b33f743cfe1",
                "sha256:114c95ef29302423b87d159075805f4ab973254a2638a5d7d046c94887cc87d7",
                "sha256:1238cb94638e610e972c60dac68e813f868dc7d6e982535270558443058d9d59",
                "sha256:12c42ec1e14f553c4f817e989365982e646e27211f10a0f717855b94a79c8906",
                "sha256:145986fe66647eb489f18d9a997567a3fd358584c4b5a808769113abc07466af",
                "sha256:17a5a241e5997621a956a7f402a7433ef4221e5152809b785bec79e2323799f1",
                "sha256:1896f5e19ff3f0431c7ce2172adc54890fd97f86b59ced8ca1649145d9ffe35d",
                "sha256:196a13319ad88d6d8ef5ab489ec4f44ddde2143c0c7d5b27786f6c3ffd56a7e1",
                "sha256:221c70f316241a78e77e607c227cefc8808d4e08f28d99c04f35694690e940be",
                "sha256:2222be86d0b54f5dd5a38f45f17f315f737245e857bf0bdedc70734f84a13c02",
                "sha256:2224f89ffd0c5605ccce1ed7a584da162bc7c55f601ab1c946bc9de31a486b42",
                "sha256:23bf7fa51ac02e07fc7c96849b82946da47ae862dc8f86d183b2a4864fc38129",
                "sha256:2d69af5dea2de76fc485a83032a630523f985198b7e25be901ec60181587b01e",
                "sha256:30c08f7d90415aa98b3c990385dea2939b0da55f38515e5b369b83655f8523be",
                "sha256:357d4e32935c36588aaba057d734fa32428c360c9fc2e4442afbf1b646beee6e",
                "sha256:35ab22d91de736e8966b980dc355cbcdd2c6dbbcfe275f9a2991bc8a91b3df65",
                "sha256:370c5afae3fa0658e11694a32b24c2778f6bc2d17718121f94ee185e69f26b54",
                "sha256:3758dd0a7f1fa57365ef2e781df0f0731d38b6e3772259d13dae4bd8a958d4b1",
                "sha256:39b21e212c55af06fa375e3dbf90a8a8e38792f3a910c580066d23563830ddd5",
                "sha256:3a56abc20a472baf0304c455721bc601477440d28ecfde8a03dde79ede07e0df",
                "sha256:3c18ebc343e15be53049b3a2dce38fe82d58f37e20ab9094b3a39c0aa4f6bb47",
                "sha256:3d452fd08b5c72c5167c93e6867b5c08500bd40f2a21e1e854a500550b6cc36f",
                "sha256:3e3680291c4a1d0dadfa84a2c459576a4af5133abb617905714339a0c73138cf",
                "sha256:442cc9c952b2df400cda54bb04ab87330cf2cd08a8692cbbea36773531eb6f37",
                "sha256:46f714d2fb8ae2f4f29f23ada7f1e79b759fff5a70f94a1dac23af204c3ec9e4",
                "sha256:478b5bcd63c2e1357c5c7e16c070690df7b07f676b1c114d7b93e533c664309f",
                "sha256:48b283b1dd6372e8de2a7a9a4c4d5dc06f4d4fd209b876f3c88a7a205a0c8f84",
                "sha256:4a28fd227808366b196a75476dced2eb35b351d6766ba9c858dc93319e87f4f1",
                "sha256:4ea1c034f95c9b056e856b794630b17f9fa3d57e4800ff1e503d3be0f9c9078c",
                "sha256:51bd64741cc6fa065abd300ede1afe5a5291ece9c31da8b24884deda48bcc3f8",
                "sha256:54acdb6674a4661768d7bf7db32dfb9f46ab1d764f8aba6df75ce1a6a088724e",
                "sha256:59baf88468dbc8d63b1887afd92bda52e40bb1561696e5819670601403810cec",
                "sha256:5a1c5215be81035e629d5bc756650634d0bf31991038db7a0eccb90f025ce16d",
                "sha256:5b0c99ba93a07d56f6df340bb79be53202a082b2fdb81bfe6190b741a3470d54",
                "sha256:5ea0c297e27133853b4d8a3eb799bff5a2dbd9f2f41537a240d337ac9b4df890",
                "sha256:5f0cfc27c539f07cf5c0a4cfe211d0b6cae039f8f40526dbaa71944e64b50a7b",
                "sha256:6223a72fd0e4c7156353ec0f08a5f93623e1d3034d0e2683b9bb8ea674131b1d",
                "sha256:62a9f70b52e0b5a95cfef4a5c5641b06983cadc5e538a3feeb5c00211f523ac2",
                "sha256:62fd185ef9df3c33d1c8178c5af105f762afbad96038de9a4ae100aa6297ca33",
                "sha256:6a3cb83d1552c0cd1b4906655b6a33fd4a8473229633a901c6b73bf86914dee9",
                "sha256:6adc5a36984624a70bf11d7184e20fa0a49aa7c47ffab43804106a1a695ea22e",
                "sha256:6b6b0853b895fe0e98cbfc580d1ec3393d9302b4b1e96a77b3f5c91fdab899e6",
                "sha256:6ff665fb023a77386fe11685190cee1f60a7d635994a30d9b0a061533d470fce",
                "sha256:7279d2110a28cebc738b6459ecda2771735a4c18465fbbd36b3288fe5ed92247",
                "sha256:76a085d7005236a767e3426148b2c407e53ad61695c562f8a81da2d373324901",
                "sha256:7771b601718fdde84832c3a434ca9bbf4ae9adbc49d84198b4110700c3c77c36",
                "sha256:79058c47dae6788504b5effb319961bcd72d7240551464b91d474bc0ed186d69",
                "sha256:7af486dabe8954d03b087f0021540897afe084f04e16ff5579e08cc46f871416",
                "sha256:7f02d09f70776579b926d889a4c9c235070a1f47c40458aeaca563fae5acfdb5",
                "sha256:8011224a62280e50dab346960c03cf47aca1a1e09e608c0fb33fd6e0cc8e9500",
                "sha256:8270544c361ed405a27a060dbc9ed2c124b084d96dfdc2d9a2510482aef981ad",
                "sha256:84ac9499e48700399a5dd0ea7085b5091961fec52c68d66b4ec0d3cf7f4441b1",
                "sha256:84b535f00655ecafe1d929d1fb00ed5d6fa3051ea643ab2c161a3887b86f294b",
                "sha256:851b9e1e4e8a4608e77c79714b2e77c0970d2ed7202a05e92ae407817481887b",
                "sha256:85e85586565842f6932abebd4c18bcb1074223dc0b3576e7d173ca710622813a",
                "sha256:87ebdf787d4888e3f3f2d523eadc6e18c6d18c6d0eb173801a189641627fb37e",
                "sha256:8a3ce026d73290f42f08dafecbd82c193a74df280461fbf97300fec51fd133ee",
                "sha256:9132cd363a68a4c3daa7c8704a654b1e39d3360f6f5b8ddd470608a945236c07",
                "sha256:99cd41ff91afd94896fea3bc002706b6ae4ce95727d06e4a0f39c0a8d8bd8b1a",
                "sha256:9eeb3fcbc13ba40dfbdb22d01d196a28e9cef9ed4c29b60061a1e0e823a9929d",
                "sha256:a06c76364a9360e33d6d23769aefdf7f66f38e2ffb60ceb1baaa4989d83b695c",
                "sha256:a07891c3f4805442b31b71e84ba3cf29ed1aa9a428284e06deeb4b23e5b46343",
                "sha256:a24a81f9715ee42ef59a316cc11611c98fe23920f7c81861315c9f3ff4a230f4",
                "sha256:a252f21c27e38347e60111a3266b03827422a7d5525951aceee313aa68bab1d2",
                "sha256:a311d8e1da24be5c1ccf85cbfb06315dbaa1703d5a1eab3f6432c72b837917c8",
                "sha256:a5274669f37f2343635a347b91a60777621341ab3378e9c6ac9335eee704bddf",
                "sha256:aa5e304a873fabddc11e484e9b6b738bd38bd7bed17b09aa84eecf5332e8b8bb",
                "sha256:ab4af6352741a604c431c6072fce5bee33bf0f20dc7a56618d6bf6bb89e9810c",
                "sha256:b553d04b5e778a8e56d57eb134aff42a92718ecba45e79c4764ecfa40efd92ff",
                "sha256:b84800013769a78ccb9ef4659402e26d06867e337b61ec365f77ad008adea80e",
                "sha256:b84ffdf877644e7096aa936991efeed873f7f3df57b9cd001312b7668ab08550",
                "sha256:bcaa50684dcaadfa599ac48f81103c756d791cfd85c97203d2217c593d48b860",
                "sha256:be9f2c802dcfce3f71298303aa5dad0dce440a76c52f2f60dacd8656dab78793",
                "sha256:c643734307300234fafa36bf2a040a7235f8f177ea1fd6ec1423aea6fb7b929f",
                "sha256:c79cead5b5bc584d9c71451cb984d0e3a84e0c0937379c8efcbf27c8d661b851",
                "sha256:c7e057326434e441306226fbeb5d1aaf14a2637efe97ba668306635835f32ad7",
                "sha256:c912c259304cfb5ee584481cfb7ce1ff932b4d61e6c9140b8f19cb7b5ed82332",
                "sha256:ce66d8e46da2bb5ee313a745cbd2e391d319176c1f7a9451bfcd3a2fb920859b",
                "sha256:ced2f09ef276fd58611a1ef502164ad266d2b75174e5a40cabbdb4033f9f6cf2",
                "sha256:cfe5a5fec635799ef33428f1e5e61bafa45a92a96190ba731561ba558ccc214d",
                "sha256:d13e6725992e2d2fd7d81d4f5241952d13740121dfd501da09201be39b2c003a",
                "sha256:d34d75f892b3ab73ba11cab5442cce7b3e168fd64162b16f0e1e0d09c508edef",
                "sha256:d5b89cdfb2ee051b71e8c3c70bd81a9eff81100f736a269136fe1a68efe00474",
                "sha256:d5ed429d0b8edaac649e889b4ffcedb6c80b06629a3f93050e3dddfb99235bee",
                "sha256:da028256b04ec30e5e0114b6f76172938c313991f0a2d3d894271315cf5d5e43",
                "sha256:dcbf65f1f66a26cdd88c35cf68fb4729c5d1cd2e88added72420541dfb212034",
                "sha256:dd34767fa19848d35659ffc0a75314f58c7af3f1cd87ec521e8292a1238398a3",
                "sha256:ddf799247318f34dbcd2efa8c95a8d0642674e926bb1774cf9b63dfd2a389d1c",
                "sha256:de286598cc65d2b489411174b1faec2f5a7775fb3201fd925db2a76b4030f37d",
                "sha256:e471bc5769ff073b058cfadb0d736b56ce067c8560eabeb0da88462df98c23e7",
                "sha256:e854312c4103f2ad4c0dc023b69b77ebfd2c89db5f86c4c94dc2353f9a92167e",
                "sha256:ea8cd6ca0ee9f616aaef3afc6882e32c2cbf18b00d96313ffd76af650574034d",
                "sha256:f2302660e32562a532b442480121aef8aa61a5bdb20b30bf0adab29f10a5a4b4",
                "sha256:f497a1ea81d4cd7c10ddcaa685135b9aabd291af3d55775a9ddf3cb7a364cdd9",
                "sha256:f4ddbe407477f04c45115d1a4e5bc480f753553b534d338d4c3358b1cdd0ea52",
                "sha256:f747dc8edcfe740130f28f32f3995e955494285717e86ee25af51db2219df08a",
                "sha256:fad54e871165f6ec2f536063ac74c3104508a12963e64072ba44bd822de52b0c",
                "sha256:fc459e5d73be2d6332fcfe8dbf3d8994671fe33c700f4565988ecfa511547253",
                "sha256:fd86572566fb40189a8260446158235159bc7a82dfbc87a3b39cf4fb57fcec1c"
            ],
            "markers": "python_version >= '3.10'",
            "version": "==7.14.1"
        },
        "dnspython": {
            "hashes": [
                "sha256:01d9bbc4a2d76bf0db7c1f729812ded6d912bd318d3b1cf81d30c0f845dbf3af",
                "sha256:181d3c6996452cb1189c4046c61599b84a5a86e099562ffde77d26984ff26d0f"
            ],
            "markers": "python_version >= '3.10'",
            "version": "==2.8.0"
        },
        "fqdn": {
            "hashes": [
                "sha256:105ed3677e767fb5ca086a0c1f4bb66ebc3c100be518f0e0d755d9eae164d89f",
                "sha256:3a179af3761e4df6eb2e026ff9e1a3033d3587bf980a0b1b2e1e5d08d7358014"
            ],
            "markers": "python_version >= '2.7' and python_version not in '3.0, 3.1, 3.2, 3.3, 3.4' and python_version < '4'",
            "version": "==1.5.1"
        },
        "idna": {
            "hashes": [
                "sha256:7f952cbe720b688055e3f87de14f5c3e5fdaa8bc3928985c4077ca689de849a2",
                "sha256:ffb385a7e039654cef1ab9ef32c6fafe283c0c0467bba1d9029738ce4a14a848"
            ],
            "markers": "python_version >= '3.9'",
            "version": "==3.18"
        },
        "iniconfig": {
            "hashes": [
                "sha256:c76315c77db068650d49c5b56314774a7804df16fee4402c1f19d6d15d8c4730",
                "sha256:f631c04d2c48c52b84d0d0549c99ff3859c98df65b3101406327ecc7d53fbf12"
            ],
            "markers": "python_version >= '3.10'",
            "version": "==2.3.0"
        },
        "jmespath": {
            "hashes": [
                "sha256:472c87d80f36026ae83c6ddd0f1d05d4e510134ed462851fd5f754c8c3cbb88d",
                "sha256:a5663118de4908c91729bea0acadca56526eb2698e83de10cd116ae0f4e97c64"
            ],
            "markers": "python_version >= '3.9'",
            "version": "==1.1.0"
        },
        "natsort": {
            "hashes": [
                "sha256:45312c4a0e5507593da193dedd04abb1469253b601ecaf63445ad80f0a1ea581",
                "sha256:4732914fb471f56b5cce04d7bae6f164a592c7712e1c85f9ef585e197299521c"
            ],
            "markers": "python_version >= '3.7'",
            "version": "==8.4.0"
        },
        "octodns": {
            "hashes": [
                "sha256:33165111c8e6cb2c419867ce7e0b7b7315f385f48c0e20689fabad2e7cf986f5",
                "sha256:e8693bb49e6e64d0f5de1dacfcbd4972655aa9741661f8dc3377e957e1d392ec"
            ],
            "index": "pypi",
            "markers": "python_version >= '3.8'",
            "version": "==1.9.1"
        },
        "octodns-route53": {
            "hashes": [
                "sha256:bc0f2f8ad0d71a92f4a047ec4d440bebe1057b018e4a576de219d262e87738f0",
                "sha256:e3f70f58eace6be5299dfe8ec37ee9d16fd6d934382bc1c4bf3257f3ef8ff5ca"
            ],
            "index": "pypi",
            "markers": "python_version >= '3.6'",
            "version": "==0.0.7"
        },
        "packaging": {
            "hashes": [
                "sha256:5fc45236b9446107ff2415ce77c807cee2862cb6fac22b8a73826d0693b0980e",
                "sha256:ff452ff5a3e828ce110190feff1178bb1f2ea2281fa2075aadb987c2fb221661"
            ],
            "markers": "python_version >= '3.8'",
            "version": "==26.2"
        },
        "pluggy": {
            "hashes": [
                "sha256:7dcc130b76258d33b90f61b658791dede3486c3e6bfb003ee5c9bfb396dd22f3",
                "sha256:e920276dd6813095e9377c0bc5566d94c932c33b27a3e3945d8389c374dd4746"
            ],
            "markers": "python_version >= '3.9'",
            "version": "==1.6.0"
        },
        "pprintpp": {
            "hashes": [
                "sha256:b6b4dcdd0c0c0d75e4d7b2f21a9e933e5b2ce62b26e1a54537f9651ae5a5c01d",
                "sha256:ea826108e2c7f49dc6d66c752973c3fc9749142a798d6b254e1e301cfdbc6403"
            ],
            "version": "==0.4.0"
        },
        "pycountry": {
            "hashes": [
                "sha256:115c4baf7cceaa30f59a4694d79483c9167dbce7a9de4d3d571c5f3ea77c305a",
                "sha256:5b6027d453fcd6060112b951dd010f01f168b51b4bf8a1f1fc8c95c8d94a0801"
            ],
            "markers": "python_version >= '3.10'",
            "version": "==26.2.16"
        },
        "pycountry-convert": {
            "hashes": [
                "sha256:095d310f746bf2a5ef713b3a82eea28a27262286223765b1e7be8a5c4fa7e9b9",
                "sha256:5e33883a88b3cb752d332ca2358ac6c4de4defc86a2b93b713b36338e914952e"
            ],
            "version": "==0.7.2"
        },
        "pygments": {
            "hashes": [
                "sha256:6757cd03768053ff99f3039c1a36d6c0aa0b263438fcab17520b30a303a82b5f",
                "sha256:81a9e26dd42fd28a23a2d169d86d7ac03b46e2f8b59ed4698fb4785f946d0176"
            ],
            "markers": "python_version >= '3.9'",
            "version": "==2.20.0"
        },
        "pytest": {
            "hashes": [
                "sha256:1088fbde8f2b49d95a549a195707afa7a76a3ce9bcadc26b6d71f0ffda5fe313",
                "sha256:37a86b45efb9a47a61a36449063e8e18d0cab3161329fc099eb21783169c4f0c"
            ],
            "index": "pypi",
            "markers": "python_version >= '3.10'",
            "version": "==9.1.1"
        },
        "pytest-cov": {
            "hashes": [
                "sha256:30674f2b5f6351aa09702a9c8c364f6a01c27aae0c1366ae8016160d1efc56b2",
                "sha256:a0461110b7865f9a271aa1b51e516c9a95de9d696734a2f71e3e78f46e1d4678"
            ],
            "markers": "python_version >= '3.9'",
            "version": "==7.1.0"
        },
        "pytest-mock": {
            "hashes": [
                "sha256:0a25e2eb88fe5168d535041d09a4529a188176ae608a6d249ee65abc0949630d",
                "sha256:1849a238f6f396da19762269de72cb1814ab44416fa73a8686deac10b0d87a0f"
            ],
            "markers": "python_version >= '3.9'",
            "version": "==3.15.1"
        },
        "python-dateutil": {
            "hashes": [
                "sha256:37dd54208da7e1cd875388217d5e00ebd4179249f90fb72437e91a35459a0ad3",
                "sha256:a8b2bc7bffae282281c8140a97d3aa9c14da0b136dfe83f850eea9a5f7470427"
            ],
            "markers": "python_version >= '2.7' and python_version not in '3.0, 3.1, 3.2'",
            "version": "==2.9.0.post0"
        },
        "pyyaml": {
            "hashes": [
                "sha256:00c4bdeba853cc34e7dd471f16b4114f4162dc03e6b7afcc2128711f0eca823c",
                "sha256:0150219816b6a1fa26fb4699fb7daa9caf09eb1999f3b70fb6e786805e80375a",
                "sha256:02893d100e99e03eda1c8fd5c441d8c60103fd175728e23e431db1b589cf5ab3",
                "sha256:02ea2dfa234451bbb8772601d7b8e426c2bfa197136796224e50e35a78777956",
                "sha256:0f29edc409a6392443abf94b9cf89ce99889a1dd5376d94316ae5145dfedd5d6",
                "sha256:10892704fc220243f5305762e276552a0395f7beb4dbf9b14ec8fd43b57f126c",
                "sha256:16249ee61e95f858e83976573de0f5b2893b3677ba71c9dd36b9cf8be9ac6d65",
                "sha256:1d37d57ad971609cf3c53ba6a7e365e40660e3be0e5175fa9f2365a379d6095a",
                "sha256:1ebe39cb5fc479422b83de611d14e2c0d3bb2a18bbcb01f229ab3cfbd8fee7a0",
                "sha256:214ed4befebe12df36bcc8bc2b64b396ca31be9304b8f59e25c11cf94a4c033b",
                "sha256:2283a07e2c21a2aa78d9c4442724ec1eb15f5e42a723b99cb3d822d48f5f7ad1",
                "sha256:22ba7cfcad58ef3ecddc7ed1db3409af68d023b7f940da23c6c2a1890976eda6",
                "sha256:27c0abcb4a5dac13684a37f76e701e054692a9b2d3064b70f5e4eb54810553d7",
                "sha256:28c8d926f98f432f88adc23edf2e6d4921ac26fb084b028c733d01868d19007e",
                "sha256:2e71d11abed7344e42a8849600193d15b6def118602c4c176f748e4583246007",
                "sha256:34d5fcd24b8445fadc33f9cf348c1047101756fd760b4dacb5c3e99755703310",
                "sha256:37503bfbfc9d2c40b344d06b2199cf0e96e97957ab1c1b546fd4f87e53e5d3e4",
                "sha256:3c5677e12444c15717b902a5798264fa7909e41153cdf9ef7ad571b704a63dd9",
                "sha256:3ff07ec89bae51176c0549bc4c63aa6202991da2d9a6129d7aef7f1407d3f295",
                "sha256:41715c910c881bc081f1e8872880d3c650acf13dfa8214bad49ed4cede7c34ea",
                "sha256:418cf3f2111bc80e0933b2cd8cd04f286338bb88bdc7bc8e6dd775ebde60b5e0",
                "sha256:44edc647873928551a01e7a563d7452ccdebee747728c1080d881d68af7b997e",
                "sha256:4a2e8cebe2ff6ab7d1050ecd59c25d4c8bd7e6f400f5f82b96557ac0abafd0ac",
                "sha256:4ad1906908f2f5ae4e5a8ddfce73c320c2a1429ec52eafd27138b7f1cbe341c9",
                "sha256:501a031947e3a9025ed4405a168e6ef5ae3126c59f90ce0cd6f2bfc477be31b7",
                "sha256:5190d403f121660ce8d1d2c1bb2ef1bd05b5f68533fc5c2ea899bd15f4399b35",
                "sha256:5498cd1645aa724a7c71c8f378eb29ebe23da2fc0d7a08071d89469bf1d2defb",
                "sha256:5cf4e27da7e3fbed4d6c3d8e797387aaad68102272f8f9752883bc32d61cb87b",
                "sha256:5e0b74767e5f8c593e8c9b5912019159ed0533c70051e9cce3e8b6aa699fcd69",
                "sha256:5ed875a24292240029e4483f9d4a4b8a1ae08843b9c54f43fcc11e404532a8a5",
                "sha256:5fcd34e47f6e0b794d17de1b4ff496c00986e1c83f7ab2fb8fcfe9616ff7477b",
                "sha256:5fdec68f91a0c6739b380c83b951e2c72ac0197ace422360e6d5a959d8d97b2c",
                "sha256:6344df0d5755a2c9a276d4473ae6b90647e216ab4757f8426893b5dd2ac3f369",
                "sha256:64386e5e707d03a7e172c0701abfb7e10f0fb753ee1d773128192742712a98fd",
                "sha256:652cb6edd41e718550aad172851962662ff2681490a8a711af6a4d288dd96824",
                "sha256:66291b10affd76d76f54fad28e22e51719ef9ba22b29e1d7d03d6777a9174198",
                "sha256:66e1674c3ef6f541c35191caae2d429b967b99e02040f5ba928632d9a7f0f065",
                "sha256:6adc77889b628398debc7b65c073bcb99c4a0237b248cacaf3fe8a557563ef6c",
                "sha256:79005a0d97d5ddabfeeea4cf676af11e647e41d81c9a7722a193022accdb6b7c",
                "sha256:7c6610def4f163542a622a73fb39f534f8c101d690126992300bf3207eab9764",
                "sha256:7f047e29dcae44602496db43be01ad42fc6f1cc0d8cd6c83d342306c32270196",
                "sha256:8098f252adfa6c80ab48096053f512f2321f0b998f98150cea9bd23d83e1467b",
                "sha256:850774a7879607d3a6f50d36d04f00ee69e7fc816450e5f7e58d7f17f1ae5c00",
                "sha256:8d1fab6bb153a416f9aeb4b8763bc0f22a5586065f86f7664fc23339fc1c1fac",
                "sha256:8da9669d359f02c0b91ccc01cac4a67f16afec0dac22c2ad09f46bee0697eba8",
                "sha256:8dc52c23056b9ddd46818a57b78404882310fb473d63f17b07d5c40421e47f8e",
                "sha256:9149cad251584d5fb4981be1ecde53a1ca46c891a79788c0df828d2f166bda28",
                "sha256:93dda82c9c22deb0a405ea4dc5f2d0cda384168e466364dec6255b293923b2f3",
                "sha256:96b533f0e99f6579b3d4d4995707cf36df9100d67e0c8303a0c55b27b5f99bc5",
                "sha256:9c57bb8c96f6d1808c030b1687b9b5fb476abaa47f0db9c0101f5e9f394e97f4",
                "sha256:9c7708761fccb9397fe64bbc0395abcae8c4bf7b0eac081e12b809bf47700d0b",
                "sha256:9f3bfb4965eb874431221a3ff3fdcddc7e74e3b07799e0e84ca4a0f867d449bf",
                "sha256:a33284e20b78bd4a18c8c2282d549d10bc8408a2a7ff57653c0cf0b9be0afce5",
                "sha256:a80cb027f6b349846a3bf6d73b5e95e782175e52f22108cfa17876aaeff93702",
                "sha256:b30236e45cf30d2b8e7b3e85881719e98507abed1011bf463a8fa23e9c3e98a8",
                "sha256:b3bc83488de33889877a0f2543ade9f70c67d66d9ebb4ac959502e12de895788",
                "sha256:b865addae83924361678b652338317d1bd7e79b1f4596f96b96c77a5a34b34da",
                "sha256:b8bb0864c5a28024fac8a632c443c87c5aa6f215c0b126c449ae1a150412f31d",
                "sha256:ba1cc08a7ccde2d2ec775841541641e4548226580ab850948cbfda66a1befcdc",
                "sha256:bdb2c67c6c1390b63c6ff89f210c8fd09d9a1217a465701eac7316313c915e4c",
                "sha256:c1ff362665ae507275af2853520967820d9124984e0f7466736aea23d8611fba",
                "sha256:c2514fceb77bc5e7a2f7adfaa1feb2fb311607c9cb518dbc378688ec73d8292f",
                "sha256:c3355370a2c156cffb25e876646f149d5d68f5e0a3ce86a5084dd0b64a994917",
                "sha256:c458b6d084f9b935061bc36216e8a69a7e293a2f1e68bf956dcd9e6cbcd143f5",
                "sha256:d0eae10f8159e8fdad514efdc92d74fd8d682c933a6dd088030f3834bc8e6b26",
                "sha256:d76623373421df22fb4cf8817020cbb7ef15c725b9d5e45f17e189bfc384190f",
                "sha256:ebc55a14a21cb14062aa4162f906cd962b28e2e9ea38f9b4391244cd8de4ae0b",
                "sha256:eda16858a3cab07b80edaf74336ece1f986ba330fdb8ee0d6c0d68fe82bc96be",
                "sha256:ee2922902c45ae8ccada2c5b501ab86c36525b883eff4255313a253a3160861c",
                "sha256:efd7b85f94a6f21e4932043973a7ba2613b059c4a000551892ac9f1d11f5baf3",
                "sha256:f7057c9a337546edc7973c0d3ba84ddcdf0daa14533c2065749c9075001090e6",
                "sha256:fa160448684b4e94d80416c0fa4aac48967a969efe22931448d853ada8baf926",
                "sha256:fc09d0aa354569bc501d4e787133afc08552722d3ab34836a80547331bb5d4a0"
            ],
            "index": "pypi",
            "markers": "python_version >= '3.8'",
            "version": "==6.0.3"
        },
        "repoze.lru": {
            "hashes": [
                "sha256:979a30d2e567e31f292009ba4467aa444c89ee0da3e3013980c35f1fb4f19d99",
                "sha256:a252408cd93fe670c88d6665b96fe5d42e071dba2507a1f21a1e609ae4fa891a"
            ],
            "markers": "python_version >= '3.10'",
            "version": "==0.8"
        },
        "ruamel.yaml": {
            "hashes": [
                "sha256:57b53ba33def16c4f3d807c0ccbc00f8a6081827e81ba2491691b76882d0c636",
                "sha256:8b27e6a217e786c6fbe5634d8f3f11bc63e0f80f6a5890f28863d9c45aac311b"
            ],
            "markers": "python_version >= '3.7'",
            "version": "==0.18.6"
        },
        "ruamel.yaml.clib": {
            "hashes": [
                "sha256:024cfe1fc7c7f4e1aff4a81e718109e13409767e4f871443cbff3dba3578203d",
                "sha256:03d1162b6d1df1caa3a4bd27aa51ce17c9afc2046c31b0ad60a0a96ec22f8001",
                "sha256:07238db9cbdf8fc1e9de2489a4f68474e70dffcb32232db7c08fa61ca0c7c462",
                "sha256:09b055c05697b38ecacb7ac50bdab2240bfca1a0c4872b0fd309bb07dc9aa3a9",
                "sha256:1707814f0d9791df063f8c19bb51b0d1278b8e9a2353abbb676c2f685dee6afe",
                "sha256:1758ce7d8e1a29d23de54a16ae867abd370f01b5a69e1a3ba75223eaa3ca1a1b",
                "sha256:184565012b60405d93838167f425713180b949e9d8dd0bbc7b49f074407c5a8b",
                "sha256:1b617618914cb00bf5c34d4357c37aa15183fa229b24767259657746c9077615",
                "sha256:1dc67314e7e1086c9fdf2680b7b6c2be1c0d8e3a8279f2e993ca2a7545fecf62",
                "sha256:25ac8c08322002b06fa1d49d1646181f0b2c72f5cbc15a85e80b4c30a544bb15",
                "sha256:25c515e350e5b739842fc3228d662413ef28f295791af5e5110b543cf0b57d9b",
                "sha256:305889baa4043a09e5b76f8e2a51d4ffba44259f6b4c72dec8ca56207d9c6fe1",
                "sha256:3213ece08ea033eb159ac52ae052a4899b56ecc124bb80020d9bbceeb50258e9",
                "sha256:3f215c5daf6a9d7bbed4a0a4f760f3113b10e82ff4c5c44bec20a68c8014f675",
                "sha256:46d378daaac94f454b3a0e3d8d78cafd78a026b1d71443f4966c696b48a6d899",
                "sha256:4ecbf9c3e19f9562c7fdd462e8d18dd902a47ca046a2e64dba80699f0b6c09b7",
                "sha256:53a300ed9cea38cf5a2a9b069058137c2ca1ce658a874b79baceb8f892f915a7",
                "sha256:56f4252222c067b4ce51ae12cbac231bce32aee1d33fbfc9d17e5b8d6966c312",
                "sha256:5c365d91c88390c8d0a8545df0b5857172824b1c604e867161e6b3d59a827eaa",
                "sha256:700e4ebb569e59e16a976857c8798aee258dceac7c7d6b50cab63e080058df91",
                "sha256:75e1ed13e1f9de23c5607fe6bd1aeaae21e523b32d83bb33918245361e9cc51b",
                "sha256:77159f5d5b5c14f7c34073862a6b7d34944075d9f93e681638f6d753606c6ce6",
                "sha256:7f67a1ee819dc4562d444bbafb135832b0b909f81cc90f7aa00260968c9ca1b3",
                "sha256:840f0c7f194986a63d2c2465ca63af8ccbbc90ab1c6001b1978f05119b5e7334",
                "sha256:84b554931e932c46f94ab306913ad7e11bba988104c5cff26d90d03f68258cd5",
                "sha256:87ea5ff66d8064301a154b3933ae406b0863402a799b16e4a1d24d9fbbcbe0d3",
                "sha256:955eae71ac26c1ab35924203fda6220f84dce57d6d7884f189743e2abe3a9fbe",
                "sha256:a1a45e0bb052edf6a1d3a93baef85319733a888363938e1fc9924cb00c8df24c",
                "sha256:a5aa27bad2bb83670b71683aae140a1f52b0857a2deff56ad3f6c13a017a26ed",
                "sha256:a6a9ffd280b71ad062eae53ac1659ad86a17f59a0fdc7699fd9be40525153337",
                "sha256:a75879bacf2c987c003368cf14bed0ffe99e8e85acfa6c0bfffc21a090f16880",
                "sha256:aa2267c6a303eb483de8d02db2871afb5c5fc15618d894300b88958f729ad74f",
                "sha256:aab7fd643f71d7946f2ee58cc88c9b7bfc97debd71dcc93e03e2d174628e7e2d",
                "sha256:b16420e621d26fdfa949a8b4b47ade8810c56002f5389970db4ddda51dbff248",
                "sha256:b42169467c42b692c19cf539c38d4602069d8c1505e97b86387fcf7afb766e1d",
                "sha256:bba64af9fa9cebe325a62fa398760f5c7206b215201b0ec825005f1b18b9bccf",
                "sha256:beb2e0404003de9a4cab9753a8805a8fe9320ee6673136ed7f04255fe60bb512",
                "sha256:bef08cd86169d9eafb3ccb0a39edb11d8e25f3dae2b28f5c52fd997521133069",
                "sha256:c2a72e9109ea74e511e29032f3b670835f8a59bbdc9ce692c5b4ed91ccf1eedb",
                "sha256:c58ecd827313af6864893e7af0a3bb85fd529f862b6adbefe14643947cfe2942",
                "sha256:c69212f63169ec1cfc9bb44723bf2917cbbd8f6191a00ef3410f5a7fe300722d",
                "sha256:cabddb8d8ead485e255fe80429f833172b4cadf99274db39abc080e068cbcc31",
                "sha256:d176b57452ab5b7028ac47e7b3cf644bcfdc8cacfecf7e71759f7f51a59e5c92",
                "sha256:da09ad1c359a728e112d60116f626cc9f29730ff3e0e7db72b9a2dbc2e4beed5",
                "sha256:e2b4c44b60eadec492926a7270abb100ef9f72798e18743939bdbf037aab8c28",
                "sha256:e79e5db08739731b0ce4850bed599235d601701d5694c36570a99a0c5ca41a9d",
                "sha256:ebc06178e8821efc9692ea7544aa5644217358490145629914d8020042c24aa1",
                "sha256:edaef1c1200c4b4cb914583150dcaa3bc30e592e907c01117c08b13a07255ec2",
                "sha256:f481f16baec5290e45aebdc2a5168ebc6d35189ae6fea7a58787613a25f6e875",
                "sha256:fff3573c2db359f091e1589c3d7c5fc2f86f5bdb6f24252c2d8e539d4e45f412"
            ],
            "markers": "python_version >= '3.6'",
            "version": "==0.2.8"
        },
        "s3transfer": {
            "hashes": [
                "sha256:777cc2415536f1debadb5c2ef7779275d0fc0fe0e042411cdd6caebeb2685262",
                "sha256:ce436931687addc4c1712d52d40b32f53e88315723f107ffa20ba82b05a0f685"
            ],
            "markers": "python_version >= '3.10'",
            "version": "==0.19.0"
        },
        "six": {
            "hashes": [
                "sha256:4721f391ed90541fddacab5acf947aa0d3dc7d27b2e1e8eda2be8970586c3274",
                "sha256:ff70335d468e7eb6ec65b95b99d3a2836546063f63acc5171de367e834932a81"
            ],
            "markers": "python_version >= '2.7' and python_version not in '3.0, 3.1, 3.2'",
            "version": "==1.17.0"
        },
        "urllib3": {
            "hashes": [
                "sha256:231e0ec3b63ceb14667c67be60f2f2c40a518cb38b03af60abc813da26505f4c",
                "sha256:9fb4c81ebbb1ce9531cce37674bbc6f1360472bc18ca9a553ede278ef7276897"
            ],
            "markers": "python_version >= '3.10'",
            "version": "==2.7.0"
        },
        "wheel": {
            "hashes": [
                "sha256:212281cab4dff978f6cedd499cd893e1f620791ca6ff7107cf270781e587eced",
                "sha256:cc72bd1009ba0cf63922e28f94d9d83b920aa2bb28f798a31d0691b02fa3c9b3"
            ],
            "markers": "python_version >= '3.9'",
            "version": "==0.47.0"
        }
    },
    "develop": {}
}
