{
    "_meta": {
        "hash": {
            "sha256": "d3e683470d6c756686bedf2ea04900c6442bc44a21018029813db87fd268c7b2"
        },
        "pipfile-spec": 6,
        "requires": {
            "python_version": "3.12"
        },
        "sources": [
            {
                "name": "pypi",
                "url": "https://pypi.org/simple",
                "verify_ssl": true
            }
        ]
    },
    "default": {
        "boto3": {
            "hashes": [
                "sha256:6f600b3fe0bda53476395c902d9af5a47294c93ec52a9cdc2b926a9dc705ce79",
                "sha256:b54084d000483b578757df03ce39a819fbba47071c9aa98611beb8806bcecd45"
            ],
            "index": "pypi",
            "markers": "python_version >= '3.8'",
            "version": "==1.34.99"
        },
        "botocore": {
            "hashes": [
                "sha256:2e72f37072f75cb1391fca9d7a4c32cecb52a3557d62431d0f59d5311dc7d0cf",
                "sha256:3aa9e85e7c479babefb5a590e844435449df418085f3c74d604277bc52dc3109"
            ],
            "markers": "python_version >= '3.8'",
            "version": "==1.34.135"
        },
        "coverage": {
            "extras": [
                "toml"
            ],
            "hashes": [
                "sha256:018a12985185038a5b2bcafab04ab833a9a0f2c59995b3cec07e10074c78635f",
                "sha256:02ff6e898197cc1e9fa375581382b72498eb2e6d5fc0b53f03e496cfee3fac6d",
                "sha256:042183de01f8b6d531e10c197f7f0315a61e8d805ab29c5f7b51a01d62782747",
                "sha256:1014fbf665fef86cdfd6cb5b7371496ce35e4d2a00cda501cf9f5b9e6fced69f",
                "sha256:1137f46adb28e3813dec8c01fefadcb8c614f33576f672962e323b5128d9a68d",
                "sha256:16852febd96acd953b0d55fc842ce2dac1710f26729b31c80b940b9afcd9896f",
                "sha256:2174e7c23e0a454ffe12267a10732c273243b4f2d50d07544a91198f05c48f47",
                "sha256:2214ee920787d85db1b6a0bd9da5f8503ccc8fcd5814d90796c2f2493a2f4d2e",
                "sha256:3257fdd8e574805f27bb5342b77bc65578e98cbc004a92232106344053f319ba",
                "sha256:3684bc2ff328f935981847082ba4fdc950d58906a40eafa93510d1b54c08a66c",
                "sha256:3a6612c99081d8d6134005b1354191e103ec9705d7ba2754e848211ac8cacc6b",
                "sha256:3d7564cc09dd91b5a6001754a5b3c6ecc4aba6323baf33a12bd751036c998be4",
                "sha256:44da56a2589b684813f86d07597fdf8a9c6ce77f58976727329272f5a01f99f7",
                "sha256:5013ed890dc917cef2c9f765c4c6a8ae9df983cd60dbb635df8ed9f4ebc9f555",
                "sha256:54317c2b806354cbb2dc7ac27e2b93f97096912cc16b18289c5d4e44fc663233",
                "sha256:56b4eafa21c6c175b3ede004ca12c653a88b6f922494b023aeb1e836df953ace",
                "sha256:581ea96f92bf71a5ec0974001f900db495488434a6928a2ca7f01eee20c23805",
                "sha256:5cd64adedf3be66f8ccee418473c2916492d53cbafbfcff851cbec5a8454b136",
                "sha256:5df54843b88901fdc2f598ac06737f03d71168fd1175728054c8f5a2739ac3e4",
                "sha256:65e528e2e921ba8fd67d9055e6b9f9e34b21ebd6768ae1c1723f4ea6ace1234d",
                "sha256:6aae5cce399a0f065da65c7bb1e8abd5c7a3043da9dceb429ebe1b289bc07806",
                "sha256:6cfb5a4f556bb51aba274588200a46e4dd6b505fb1a5f8c5ae408222eb416f99",
                "sha256:7076b4b3a5f6d2b5d7f1185fde25b1e54eb66e647a1dfef0e2c2bfaf9b4c88c8",
                "sha256:73ca8fbc5bc622e54627314c1a6f1dfdd8db69788f3443e752c215f29fa87a0b",
                "sha256:79b356f3dd5b26f3ad23b35c75dbdaf1f9e2450b6bcefc6d0825ea0aa3f86ca5",
                "sha256:7a892be37ca35eb5019ec85402c3371b0f7cda5ab5056023a7f13da0961e60da",
                "sha256:8192794d120167e2a64721d88dbd688584675e86e15d0569599257566dec9bf0",
                "sha256:820bc841faa502e727a48311948e0461132a9c8baa42f6b2b84a29ced24cc078",
                "sha256:8f894208794b164e6bd4bba61fc98bf6b06be4d390cf2daacfa6eca0a6d2bb4f",
                "sha256:a04e990a2a41740b02d6182b498ee9796cf60eefe40cf859b016650147908029",
                "sha256:a44963520b069e12789d0faea4e9fdb1e410cdc4aab89d94f7f55cbb7fef0353",
                "sha256:a6bb74ed465d5fb204b2ec41d79bcd28afccf817de721e8a807d5141c3426638",
                "sha256:ab73b35e8d109bffbda9a3e91c64e29fe26e03e49addf5b43d85fc426dde11f9",
                "sha256:aea072a941b033813f5e4814541fc265a5c12ed9720daef11ca516aeacd3bd7f",
                "sha256:b1ccf5e728ccf83acd313c89f07c22d70d6c375a9c6f339233dcf792094bcbf7",
                "sha256:b385d49609f8e9efc885790a5a0e89f2e3ae042cdf12958b6034cc442de428d3",
                "sha256:b3d45ff86efb129c599a3b287ae2e44c1e281ae0f9a9bad0edc202179bcc3a2e",
                "sha256:b4a474f799456e0eb46d78ab07303286a84a3140e9700b9e154cfebc8f527016",
                "sha256:b95c3a8cb0463ba9f77383d0fa8c9194cf91f64445a63fc26fb2327e1e1eb088",
                "sha256:c5986ee7ea0795a4095ac4d113cbb3448601efca7f158ec7f7087a6c705304e4",
                "sha256:cdd31315fc20868c194130de9ee6bfd99755cc9565edff98ecc12585b90be882",
                "sha256:cef4649ec906ea7ea5e9e796e68b987f83fa9a718514fe147f538cfeda76d7a7",
                "sha256:d05c16cf4b4c2fc880cb12ba4c9b526e9e5d5bb1d81313d4d732a5b9fe2b9d53",
                "sha256:d2e344d6adc8ef81c5a233d3a57b3c7d5181f40e79e05e1c143da143ccb6377d",
                "sha256:d45d3cbd94159c468b9b8c5a556e3f6b81a8d1af2a92b77320e887c3e7a5d080",
                "sha256:db14f552ac38f10758ad14dd7b983dbab424e731588d300c7db25b6f89e335b5",
                "sha256:dbc5958cb471e5a5af41b0ddaea96a37e74ed289535e8deca404811f6cb0bc3d",
                "sha256:ddbd2f9713a79e8e7242d7c51f1929611e991d855f414ca9996c20e44a895f7c",
                "sha256:e16f3d6b491c48c5ae726308e6ab1e18ee830b4cdd6913f2d7f77354b33f91c8",
                "sha256:e2afe743289273209c992075a5a4913e8d007d569a406ffed0bd080ea02b0633",
                "sha256:e564c2cf45d2f44a9da56f4e3a26b2236504a496eb4cb0ca7221cd4cc7a9aca9",
                "sha256:ed550e7442f278af76d9d65af48069f1fb84c9f745ae249c1a183c1e9d1b025c"
            ],
            "markers": "python_version >= '3.8'",
            "version": "==7.5.4"
        },
        "dnspython": {
            "hashes": [
                "sha256:5ef3b9680161f6fa89daf8ad451b5f1a33b18ae8a1c6778cdf4b43f08c0a6e50",
                "sha256:e8f0f9c23a7b7cb99ded64e6c3a6f3e701d78f50c55e002b839dea7225cff7cc"
            ],
            "markers": "python_version >= '3.8'",
            "version": "==2.6.1"
        },
        "fqdn": {
            "hashes": [
                "sha256:105ed3677e767fb5ca086a0c1f4bb66ebc3c100be518f0e0d755d9eae164d89f",
                "sha256:3a179af3761e4df6eb2e026ff9e1a3033d3587bf980a0b1b2e1e5d08d7358014"
            ],
            "markers": "python_version >= '2.7' and python_version not in '3.0, 3.1, 3.2, 3.3, 3.4' and python_version < '4'",
            "version": "==1.5.1"
        },
        "idna": {
            "hashes": [
                "sha256:028ff3aadf0609c1fd278d8ea3089299412a7a8b9bd005dd08b9f8285bcb5cfc",
                "sha256:82fee1fc78add43492d3a1898bfa6d8a904cc97d8427f683ed8e798d07761aa0"
            ],
            "markers": "python_version >= '3.5'",
            "version": "==3.7"
        },
        "iniconfig": {
            "hashes": [
                "sha256:2d91e135bf72d31a410b17c16da610a82cb55f6b0477d1a902134b24a455b8b3",
                "sha256:b6a85871a79d2e3b22d2d1b94ac2824226a63c6b741c88f7ae975f18b6778374"
            ],
            "markers": "python_version >= '3.7'",
            "version": "==2.0.0"
        },
        "jmespath": {
            "hashes": [
                "sha256:02e2e4cc71b5bcab88332eebf907519190dd9e6e82107fa7f83b1003a6252980",
                "sha256:90261b206d6defd58fdd5e85f478bf633a2901798906be2ad389150c5c60edbe"
            ],
            "markers": "python_version >= '3.7'",
            "version": "==1.0.1"
        },
        "natsort": {
            "hashes": [
                "sha256:45312c4a0e5507593da193dedd04abb1469253b601ecaf63445ad80f0a1ea581",
                "sha256:4732914fb471f56b5cce04d7bae6f164a592c7712e1c85f9ef585e197299521c"
            ],
            "markers": "python_version >= '3.7'",
            "version": "==8.4.0"
        },
        "octodns": {
            "hashes": [
                "sha256:33165111c8e6cb2c419867ce7e0b7b7315f385f48c0e20689fabad2e7cf986f5",
                "sha256:e8693bb49e6e64d0f5de1dacfcbd4972655aa9741661f8dc3377e957e1d392ec"
            ],
            "index": "pypi",
            "markers": "python_version >= '3.8'",
            "version": "==1.9.1"
        },
        "octodns-route53": {
            "hashes": [
                "sha256:bc0f2f8ad0d71a92f4a047ec4d440bebe1057b018e4a576de219d262e87738f0",
                "sha256:e3f70f58eace6be5299dfe8ec37ee9d16fd6d934382bc1c4bf3257f3ef8ff5ca"
            ],
            "index": "pypi",
            "markers": "python_version >= '3.6'",
            "version": "==0.0.7"
        },
        "packaging": {
            "hashes": [
                "sha256:026ed72c8ed3fcce5bf8950572258698927fd1dbda10a5e981cdf0ac37f4f002",
                "sha256:5b8f2217dbdbd2f7f384c41c628544e6d52f2d0f53c6d0c3ea61aa5d1d7ff124"
            ],
            "markers": "python_version >= '3.8'",
            "version": "==24.1"
        },
        "pluggy": {
            "hashes": [
                "sha256:2cffa88e94fdc978c4c574f15f9e59b7f4201d439195c3715ca9e2486f1d0cf1",
                "sha256:44e1ad92c8ca002de6377e165f3e0f1be63266ab4d554740532335b9d75ea669"
            ],
            "markers": "python_version >= '3.8'",
            "version": "==1.5.0"
        },
        "pprintpp": {
            "hashes": [
                "sha256:b6b4dcdd0c0c0d75e4d7b2f21a9e933e5b2ce62b26e1a54537f9651ae5a5c01d",
                "sha256:ea826108e2c7f49dc6d66c752973c3fc9749142a798d6b254e1e301cfdbc6403"
            ],
            "version": "==0.4.0"
        },
        "pycountry": {
            "hashes": [
                "sha256:b61b3faccea67f87d10c1f2b0fc0be714409e8fcdcc1315613174f6466c10221",
                "sha256:f1a4fb391cd7214f8eefd39556d740adcc233c778a27f8942c8dca351d6ce06f"
            ],
            "markers": "python_version >= '3.8'",
            "version": "==24.6.1"
        },
        "pycountry-convert": {
            "hashes": [
                "sha256:095d310f746bf2a5ef713b3a82eea28a27262286223765b1e7be8a5c4fa7e9b9",
                "sha256:5e33883a88b3cb752d332ca2358ac6c4de4defc86a2b93b713b36338e914952e"
            ],
            "version": "==0.7.2"
        },
        "pytest": {
            "hashes": [
                "sha256:2a8386cfc11fa9d2c50ee7b2a57e7d898ef90470a7a34c4b949ff59662bb78b7",
                "sha256:ac978141a75948948817d360297b7aae0fcb9d6ff6bc9ec6d514b85d5a65c044"
            ],
            "index": "pypi",
            "markers": "python_version >= '3.8'",
            "version": "==8.1.1"
        },
        "pytest-cov": {
            "hashes": [
                "sha256:4f0764a1219df53214206bf1feea4633c3b558a2925c8b59f144f682861ce652",
                "sha256:5837b58e9f6ebd335b0f8060eecce69b662415b16dc503883a02f45dfeb14857"
            ],
            "markers": "python_version >= '3.8'",
            "version": "==5.0.0"
        },
        "pytest-mock": {
            "hashes": [
                "sha256:0b72c38033392a5f4621342fe11e9219ac11ec9d375f8e2a0c164539e0d70f6f",
                "sha256:2719255a1efeceadbc056d6bf3df3d1c5015530fb40cf347c0f9afac88410bd0"
            ],
            "markers": "python_version >= '3.8'",
            "version": "==3.14.0"
        },
        "python-dateutil": {
            "hashes": [
                "sha256:37dd54208da7e1cd875388217d5e00ebd4179249f90fb72437e91a35459a0ad3",
                "sha256:a8b2bc7bffae282281c8140a97d3aa9c14da0b136dfe83f850eea9a5f7470427"
            ],
            "markers": "python_version >= '2.7' and python_version not in '3.0, 3.1, 3.2, 3.3'",
            "version": "==2.9.0.post0"
        },
        "pyyaml": {
            "hashes": [
                "sha256:0101357af42f5c9fc7e9acc5c5ab8c3049f50db7425de175b6c7a5959cb6023d",
                "sha256:0ae563b7e3ed5e918cd0184060e28b48b7e672b975bf7c6f4a892cee9d886ada",
                "sha256:0fe2c1c5401a3a98f06337fed48f57340cf652a685484834b44f5ceeadb772ba",
                "sha256:1eb00dd3344da80264261ab126c95481824669ed9e5ecc82fb2d88b1fce668ee",
                "sha256:2086b30215c433c1e480c08c1db8b43c1edd36c59cf43d36b424e6f35fcaf1ad",
                "sha256:29b4a67915232f79506211e69943e3102e211c616181ceff0adf34e21b469357",
                "sha256:2e9bc8a34797f0621f56160b961d47a088644370f79d34bedc934fb89e3f47dd",
                "sha256:30ec6b9afc17353a9abcff109880edf6e8d5b924eb1eeed7fe9376febc1f9800",
                "sha256:31573d7e161d2f905311f036b12e65c058389b474dbd35740f4880b91e2ca2be",
                "sha256:36d7bf63558843ea2a81de9d0c3e9c56c353b1df8e6c1faaec86df5adedf2e02",
                "sha256:3af6b36bc195d741cd5b511810246cad143b99c953b4591e679e194a820d7b7c",
                "sha256:414629800a1ddccd7303471650843fc801801cc579a195d2fe617b5b455409e3",
                "sha256:459113f2b9cd68881201a3bd1a858ece3281dc0e92ece6e917d23b128f0fcb31",
                "sha256:46e4fae38d00b40a62d32d60f1baa1b9ef33aff28c2aafd96b05d5cc770f1583",
                "sha256:4bf821ccd51e8d5bc1a4021b8bd85a92b498832ac1cd1a53b399f0eb7c1c4258",
                "sha256:50bd6560a6df3de59336b9a9086cbdea5aa9eee5361661448ee45c21eeb0da68",
                "sha256:53056b51f111223e603bed1db5367f54596d44cacfa50f07e082a11929612957",
                "sha256:53c5f0749a93e3296078262c9acf632de246241ff2f22bbedfe49d4b55e9bbdd",
                "sha256:54c754cee6937bb9b72d6a16163160dec80b93a43020ac6fc9f13729c030c30b",
                "sha256:58cc18ccbade0c48fb55102aa971a5b4e571e2b22187d083dda33f8708fa4ee7",
                "sha256:5921fd128fbf27ab7c7ad1a566d2cd9557b84ade130743a7c110a55e7dec3b3c",
                "sha256:5c758cc29713c9166750a30156ca3d90ac2515d5dea3c874377ae8829cf03087",
                "sha256:60bf91e73354c96754220a9c04a9502c2ad063231cd754b59f8e4511157e32e2",
                "sha256:6f0f728a88c6eb58a3b762726b965bb6acf12d97f8ea2cb4fecf856a727f9bdc",
                "sha256:6f31c5935310da69ea0efe996a962d488f080312f0eb43beff1717acb5fe9bed",
                "sha256:728b447d0cedec409ea1a3f0ad1a6cc3cec0a8d086611b45f038a9230a2242f3",
                "sha256:72ffbc5c0cc71877104387548a450f2b7b7c4926b40dc9443e7598fe92aa13d9",
                "sha256:73d8b233309ecd45c33c51cd55aa1be1dcab1799a9e54f6c753d8cab054b8c34",
                "sha256:765029d1cf96e9e761329ee1c20f1ca2de8644e7350a151b198260698b96e30f",
                "sha256:7ee3d180d886a3bc50f753b76340f1c314f9e8c507f5b107212112214c3a66fd",
                "sha256:826fb4d5ac2c48b9d6e71423def2669d4646c93b6c13612a71b3ac7bb345304b",
                "sha256:84c39ceec517cd8f01cb144efb08904a32050be51c55b7a59bc7958c8091568d",
                "sha256:88bfe675bb19ae12a9c77c52322a28a8e2a8d3d213fbcfcded5c3f5ca3ead352",
                "sha256:8e0a1ebd5c5842595365bf90db3ef7e9a8d6a79c9aedb1d05b675c81c7267fd3",
                "sha256:9426067a10b369474396bf57fdf895b899045a25d1848798844693780b147436",
                "sha256:9c5c0de7ec50d4df88b62f4b019ab7b3bb2883c826a1044268e9afb344c57b17",
                "sha256:ad0c172fe15beffc32e3a8260f18e6708eb0e15ae82c9b3f80fbe04de0ef5729",
                "sha256:ad206c7f5f08d393b872d3399f597246fdc6ebebff09c5ae5268ac45aebf4f8d",
                "sha256:b0a163f4f84d1e0fe6a07ccad3b02e9b243790b8370ff0408ae5932c50c4d96d",
                "sha256:b0dd9c7497d60126445e79e542ff01351c6b6dc121299d89787f5685b382c626",
                "sha256:b1de10c488d6f02e498eb6956b89081bea31abf3133223c17749e7137734da75",
                "sha256:b408f36eeb4e2be6f802f1be82daf1b578f3de5a51917c6e467aedb46187d827",
                "sha256:bae077a01367e4bf5fddf00fd6c8b743e676385911c7c615e29e1c45ace8813b",
                "sha256:bc3c3600fec6c2a719106381d6282061d8c108369cdec58b6f280610eba41e09",
                "sha256:c16522bf91daa4ea9dedc1243b56b5a226357ab98b3133089ca627ef99baae6f",
                "sha256:ca5136a77e2d64b4cf5106fb940376650ae232c74c09a8ff29dbb1e262495b31",
                "sha256:d6e0f7ee5f8d851b1d91149a3e5074dbf5aacbb63e4b771fcce16508339a856f",
                "sha256:e7930a0612e74fcca37019ca851b50d73b5f0c3dab7f3085a7c15d2026118315",
                "sha256:e8e6dd230a158a836cda3cc521fcbedea16f22b16b8cfa8054d0c6cea5d0a531",
                "sha256:eee36bf4bc11e39e3f17c171f25cdedff3d7c73b148aedc8820257ce2aa56d3b",
                "sha256:f07adc282d51aaa528f3141ac1922d16d32fe89413ee59bfb8a73ed689ad3d23",
                "sha256:f09816c047fdb588dddba53d321f1cb8081e38ad2a40ea6a7560a88b7a2f0ea8",
                "sha256:fea4c4310061cd70ef73b39801231b9dc3dc638bb8858e38364b144fbd335a1a"
            ],
            "markers": "python_version >= '3.6'",
            "version": "==6.0.2rc1"
        },
        "repoze.lru": {
            "hashes": [
                "sha256:0429a75e19380e4ed50c0694e26ac8819b4ea7851ee1fc7583c8572db80aff77",
                "sha256:f77bf0e1096ea445beadd35f3479c5cff2aa1efe604a133e67150bc8630a62ea"
            ],
            "version": "==0.7"
        },
        "s3transfer": {
            "hashes": [
                "sha256:0711534e9356d3cc692fdde846b4a1e4b0cb6519971860796e6bc4c7aea00ef6",
                "sha256:eca1c20de70a39daee580aef4986996620f365c4e0fda6a86100231d62f1bf69"
            ],
            "markers": "python_version >= '3.8'",
            "version": "==0.10.2"
        },
        "six": {
            "hashes": [
                "sha256:1e61c37477a1626458e36f7b1d82aa5c9b094fa4802892072e49de9c60c4c926",
                "sha256:8abb2f1d86890a2dfb989f9a77cfcfd3e47c2a354b01111771326f8aa26e0254"
            ],
            "markers": "python_version >= '2.7' and python_version not in '3.0, 3.1, 3.2, 3.3'",
            "version": "==1.16.0"
        },
        "urllib3": {
            "hashes": [
                "sha256:a448b2f64d686155468037e1ace9f2d2199776e17f0a46610480d311f73e3472",
                "sha256:dd505485549a7a552833da5e6063639d0d177c04f23bc3864e41e5dc5f612168"
            ],
            "markers": "python_version >= '3.10'",
            "version": "==2.2.2"
        },
        "wheel": {
            "hashes": [
                "sha256:465ef92c69fa5c5da2d1cf8ac40559a8c940886afcef87dcf14b9470862f1d85",
                "sha256:55c570405f142630c6b9f72fe09d9b67cf1477fcf543ae5b8dcb1f5b7377da81"
            ],
            "markers": "python_version >= '3.8'",
            "version": "==0.43.0"
        }
    },
    "develop": {}
}
